
Microsoft Visual Studio Solution File, Format Version 12.00
# Visual Studio Version 17
VisualStudioVersion = 17.4.33110.190
MinimumVisualStudioVersion = 10.0.40219.1
Project("{FAE04EC0-301F-11D3-BF4B-00C04F79EFBC}") = "Construction_company_programm", "Construction_company_programm\Construction_company_programm.csproj", "{54C55839-D533-4FD5-A0A8-FC7EA3B6E9B0}"
EndProject
Global
	GlobalSection(SolutionConfigurationPlatforms) = preSolution
		Debug|Any CPU = Debug|Any CPU
		Release|Any CPU = Release|Any CPU
	EndGlobalSection
	GlobalSection(ProjectConfigurationPlatforms) = postSolution
		{54C55839-D533-4FD5-A0A8-FC7EA3B6E9B0}.Debug|Any CPU.ActiveCfg = Debug|Any CPU
		{54C55839-D533-4FD5-A0A8-FC7EA3B6E9B0}.Debug|Any CPU.Build.0 = Debug|Any CPU
		{54C55839-D533-4FD5-A0A8-FC7EA3B6E9B0}.Release|Any CPU.ActiveCfg = Release|Any CPU
		{54C55839-D533-4FD5-A0A8-FC7EA3B6E9B0}.Release|Any CPU.Build.0 = Release|Any CPU
	EndGlobalSection
	GlobalSection(SolutionProperties) = preSolution
		HideSolutionNode = FALSE
	EndGlobalSection
	GlobalSection(ExtensibilityGlobals) = postSolution
		SolutionGuid = {DE9A91F1-1352-43C5-8513-CB822C5A5D47}
	EndGlobalSection
EndGlobal
